
Microsoft Visual Studio Solution File, Format Version 12.00
# Visual Studio 14
VisualStudioVersion = 14.0.23107.0
MinimumVisualStudioVersion = 10.0.40219.1
Project("{F2A71F9B-5D33-465A-A702-920D77279786}") = "Week1", "Week1\Week1.fsproj", "{D43BA452-44CD-47C3-B1DC-1E244B098684}"
EndProject
Project("{F2A71F9B-5D33-465A-A702-920D77279786}") = "Week2", "Week2\Week2.fsproj", "{5AD77FAE-83FB-4B11-8D53-CD69A356FE27}"
EndProject
Project("{F2A71F9B-5D33-465A-A702-920D77279786}") = "Week3", "Week3\Week3.fsproj", "{5A8E7798-D1F5-4777-BD14-3136C1AFCCE0}"
EndProject
Project("{F2A71F9B-5D33-465A-A702-920D77279786}") = "Week4", "Week4\Week4.fsproj", "{5B0A0DCE-5C69-419E-9747-35644DAF3C5B}"
EndProject
Project("{F2A71F9B-5D33-465A-A702-920D77279786}") = "Week5", "Week5\Week5.fsproj", "{B2BDB501-FE3B-4E34-BE54-FE9709A1143F}"
EndProject
Global
	GlobalSection(SolutionConfigurationPlatforms) = preSolution
		Debug|Any CPU = Debug|Any CPU
		Release|Any CPU = Release|Any CPU
	EndGlobalSection
	GlobalSection(ProjectConfigurationPlatforms) = postSolution
		{D43BA452-44CD-47C3-B1DC-1E244B098684}.Debug|Any CPU.ActiveCfg = Debug|Any CPU
		{D43BA452-44CD-47C3-B1DC-1E244B098684}.Debug|Any CPU.Build.0 = Debug|Any CPU
		{D43BA452-44CD-47C3-B1DC-1E244B098684}.Release|Any CPU.ActiveCfg = Release|Any CPU
		{D43BA452-44CD-47C3-B1DC-1E244B098684}.Release|Any CPU.Build.0 = Release|Any CPU
		{5AD77FAE-83FB-4B11-8D53-CD69A356FE27}.Debug|Any CPU.ActiveCfg = Debug|Any CPU
		{5AD77FAE-83FB-4B11-8D53-CD69A356FE27}.Debug|Any CPU.Build.0 = Debug|Any CPU
		{5AD77FAE-83FB-4B11-8D53-CD69A356FE27}.Release|Any CPU.ActiveCfg = Release|Any CPU
		{5AD77FAE-83FB-4B11-8D53-CD69A356FE27}.Release|Any CPU.Build.0 = Release|Any CPU
		{5A8E7798-D1F5-4777-BD14-3136C1AFCCE0}.Debug|Any CPU.ActiveCfg = Debug|Any CPU
		{5A8E7798-D1F5-4777-BD14-3136C1AFCCE0}.Debug|Any CPU.Build.0 = Debug|Any CPU
		{5A8E7798-D1F5-4777-BD14-3136C1AFCCE0}.Release|Any CPU.ActiveCfg = Release|Any CPU
		{5A8E7798-D1F5-4777-BD14-3136C1AFCCE0}.Release|Any CPU.Build.0 = Release|Any CPU
		{5B0A0DCE-5C69-419E-9747-35644DAF3C5B}.Debug|Any CPU.ActiveCfg = Debug|Any CPU
		{5B0A0DCE-5C69-419E-9747-35644DAF3C5B}.Debug|Any CPU.Build.0 = Debug|Any CPU
		{5B0A0DCE-5C69-419E-9747-35644DAF3C5B}.Release|Any CPU.ActiveCfg = Release|Any CPU
		{5B0A0DCE-5C69-419E-9747-35644DAF3C5B}.Release|Any CPU.Build.0 = Release|Any CPU
		{B2BDB501-FE3B-4E34-BE54-FE9709A1143F}.Debug|Any CPU.ActiveCfg = Debug|Any CPU
		{B2BDB501-FE3B-4E34-BE54-FE9709A1143F}.Debug|Any CPU.Build.0 = Debug|Any CPU
		{B2BDB501-FE3B-4E34-BE54-FE9709A1143F}.Release|Any CPU.ActiveCfg = Release|Any CPU
		{B2BDB501-FE3B-4E34-BE54-FE9709A1143F}.Release|Any CPU.Build.0 = Release|Any CPU
	EndGlobalSection
	GlobalSection(SolutionProperties) = preSolution
		HideSolutionNode = FALSE
	EndGlobalSection
EndGlobal
